
Microsoft Visual Studio Solution File, Format Version 12.00
# Visual Studio 15
VisualStudioVersion = 15.0.27428.2015
MinimumVisualStudioVersion = 10.0.40219.1
Project("{FAE04EC0-301F-11D3-BF4B-00C04F79EFBC}") = "ohmcal", "ohmcal\ohmcal.csproj", "{D0CA0C3C-584C-4926-AD45-FC1F9CC3DDA4}"
EndProject
Project("{FAE04EC0-301F-11D3-BF4B-00C04F79EFBC}") = "ohmcal.Tests", "ohmcal.Tests\ohmcal.Tests.csproj", "{8C137181-6344-436B-B518-143C342ECBBB}"
EndProject
Global
	GlobalSection(SolutionConfigurationPlatforms) = preSolution
		Debug|Any CPU = Debug|Any CPU
		Release|Any CPU = Release|Any CPU
	EndGlobalSection
	GlobalSection(ProjectConfigurationPlatforms) = postSolution
		{D0CA0C3C-584C-4926-AD45-FC1F9CC3DDA4}.Debug|Any CPU.ActiveCfg = Debug|Any CPU
		{D0CA0C3C-584C-4926-AD45-FC1F9CC3DDA4}.Debug|Any CPU.Build.0 = Debug|Any CPU
		{D0CA0C3C-584C-4926-AD45-FC1F9CC3DDA4}.Release|Any CPU.ActiveCfg = Release|Any CPU
		{D0CA0C3C-584C-4926-AD45-FC1F9CC3DDA4}.Release|Any CPU.Build.0 = Release|Any CPU
		{8C137181-6344-436B-B518-143C342ECBBB}.Debug|Any CPU.ActiveCfg = Debug|Any CPU
		{8C137181-6344-436B-B518-143C342ECBBB}.Debug|Any CPU.Build.0 = Debug|Any CPU
		{8C137181-6344-436B-B518-143C342ECBBB}.Release|Any CPU.ActiveCfg = Release|Any CPU
		{8C137181-6344-436B-B518-143C342ECBBB}.Release|Any CPU.Build.0 = Release|Any CPU
	EndGlobalSection
	GlobalSection(SolutionProperties) = preSolution
		HideSolutionNode = FALSE
	EndGlobalSection
	GlobalSection(ExtensibilityGlobals) = postSolution
		SolutionGuid = {15369C88-87B6-40E8-A652-D5F0A4B2CC09}
	EndGlobalSection
EndGlobal
